{
  "version": 4,
  "terraform_version": "1.14.4",
  "serial": 191,
  "lineage": "bfed7110-b56b-de28-9791-c82d467b52c7",
  "outputs": {},
  "resources": [
    {
      "mode": "data",
      "type": "google_compute_default_service_account",
      "name": "default",
      "provider": "provider[\"registry.terraform.io/hashicorp/google\"]",
      "instances": [
        {
          "schema_version": 0,
          "attributes": {
            "display_name": "Compute Engine default service account",
            "email": "874246201745-compute@developer.gserviceaccount.com",
            "id": "projects/gen-lang-client-0948887435/serviceAccounts/874246201745-compute@developer.gserviceaccount.com",
            "member": "serviceAccount:874246201745-compute@developer.gserviceaccount.com",
            "name": "projects/gen-lang-client-0948887435/serviceAccounts/874246201745-compute@developer.gserviceaccount.com",
            "project": "gen-lang-client-0948887435",
            "unique_id": "101580334175171516901"
          },
          "sensitive_attributes": [],
          "identity_schema_version": 0
        }
      ]
    },
    {
      "mode": "data",
      "type": "google_iam_policy",
      "name": "private_run_policy",
      "provider": "provider[\"registry.terraform.io/hashicorp/google\"]",
      "instances": [
        {
          "schema_version": 0,
          "attributes": {
            "audit_config": null,
            "binding": [
              {
                "condition": [],
                "members": [
                  "serviceAccount:874246201745-compute@developer.gserviceaccount.com"
                ],
                "role": "roles/run.invoker"
              }
            ],
            "id": "1305012897",
            "policy_data": "{\"bindings\":[{\"members\":[\"serviceAccount:874246201745-compute@developer.gserviceaccount.com\"],\"role\":\"roles/run.invoker\"}]}"
          },
          "sensitive_attributes": [],
          "identity_schema_version": 0
        }
      ]
    },
    {
      "mode": "managed",
      "type": "google_artifact_registry_repository",
      "name": "sylphrena_repo",
      "provider": "provider[\"registry.terraform.io/hashicorp/google\"]",
      "instances": [
        {
          "schema_version": 0,
          "attributes": {
            "cleanup_policies": [],
            "cleanup_policy_dry_run": false,
            "create_time": "2026-02-08T20:53:22.584592Z",
            "description": "Docker repository for the Sylphrena bot",
            "docker_config": [],
            "effective_labels": {
              "goog-terraform-provisioned": "true"
            },
            "format": "DOCKER",
            "id": "projects/gen-lang-client-0948887435/locations/us-central1/repositories/sylphrena-repo",
            "kms_key_name": "",
            "labels": {},
            "location": "us-central1",
            "maven_config": [],
            "mode": "STANDARD_REPOSITORY",
            "name": "sylphrena-repo",
            "project": "gen-lang-client-0948887435",
            "registry_uri": "us-central1-docker.pkg.dev/gen-lang-client-0948887435/sylphrena-repo",
            "remote_repository_config": [],
            "repository_id": "sylphrena-repo",
            "terraform_labels": {
              "goog-terraform-provisioned": "true"
            },
            "timeouts": null,
            "update_time": "2026-02-13T09:44:01.381211Z",
            "virtual_repository_config": [],
            "vulnerability_scanning_config": [
              {
                "enablement_config": "",
                "enablement_state": "SCANNING_DISABLED",
                "enablement_state_reason": "API containerscanning.googleapis.com is not enabled."
              }
            ]
          },
          "sensitive_attributes": [],
          "identity_schema_version": 0,
          "private": "eyJlMmJmYjczMC1lY2FhLTExZTYtOGY4OC0zNDM2M2JjN2M0YzAiOnsiY3JlYXRlIjoxMjAwMDAwMDAwMDAwLCJkZWxldGUiOjEyMDAwMDAwMDAwMDAsInVwZGF0ZSI6MTIwMDAwMDAwMDAwMH19",
          "dependencies": [
            "google_project_service.artifact_registry_api"
          ]
        }
      ]
    },
    {
      "mode": "managed",
      "type": "google_artifact_registry_repository_iam_member",
      "name": "gar_reader",
      "provider": "provider[\"registry.terraform.io/hashicorp/google\"]",
      "instances": [
        {
          "schema_version": 0,
          "attributes": {
            "condition": [],
            "etag": "BwZKa+BkI3E=",
            "id": "projects/gen-lang-client-0948887435/locations/us-central1/repositories/sylphrena-repo/roles/artifactregistry.reader/serviceAccount:874246201745-compute@developer.gserviceaccount.com",
            "location": "us-central1",
            "member": "serviceAccount:874246201745-compute@developer.gserviceaccount.com",
            "project": "gen-lang-client-0948887435",
            "repository": "projects/gen-lang-client-0948887435/locations/us-central1/repositories/sylphrena-repo",
            "role": "roles/artifactregistry.reader"
          },
          "sensitive_attributes": [],
          "identity_schema_version": 0,
          "private": "bnVsbA==",
          "dependencies": [
            "data.google_compute_default_service_account.default",
            "google_artifact_registry_repository.sylphrena_repo",
            "google_project_service.artifact_registry_api"
          ]
        }
      ]
    },
    {
      "mode": "managed",
      "type": "google_cloud_run_v2_service",
      "name": "sylphrena_processor",
      "provider": "provider[\"registry.terraform.io/hashicorp/google\"]",
      "instances": [
        {
          "schema_version": 0,
          "attributes": {
            "annotations": {},
            "binary_authorization": [],
            "build_config": [],
            "client": "",
            "client_version": "",
            "conditions": [
              {
                "execution_reason": "",
                "last_transition_time": "2026-02-13T09:48:06.996501Z",
                "message": "",
                "reason": "",
                "revision_reason": "",
                "severity": "",
                "state": "CONDITION_SUCCEEDED",
                "type": "RoutesReady"
              },
              {
                "execution_reason": "",
                "last_transition_time": "2026-02-13T09:46:57.725259Z",
                "message": "",
                "reason": "",
                "revision_reason": "",
                "severity": "",
                "state": "CONDITION_SUCCEEDED",
                "type": "ConfigurationsReady"
              }
            ],
            "create_time": "2026-02-08T21:06:26.231098Z",
            "creator": "ophirb@gmail.com",
            "custom_audiences": [],
            "default_uri_disabled": false,
            "delete_time": "",
            "deletion_protection": true,
            "description": "",
            "effective_annotations": {},
            "effective_labels": {
              "goog-terraform-provisioned": "true"
            },
            "etag": "\"CPzlu8wGELDp4Ws/cHJvamVjdHMvZ2VuLWxhbmctY2xpZW50LTA5NDg4ODc0MzUvbG9jYXRpb25zL3VzLWNlbnRyYWwxL3NlcnZpY2VzL3N5bHBocmVuYS1wcm9jZXNzb3I\"",
            "expire_time": "",
            "generation": "26",
            "id": "projects/gen-lang-client-0948887435/locations/us-central1/services/sylphrena-processor",
            "ingress": "INGRESS_TRAFFIC_ALL",
            "invoker_iam_disabled": false,
            "labels": {},
            "last_modifier": "ophirb@gmail.com",
            "latest_created_revision": "projects/gen-lang-client-0948887435/locations/us-central1/services/sylphrena-processor/revisions/sylphrena-processor-00026-q4w",
            "latest_ready_revision": "projects/gen-lang-client-0948887435/locations/us-central1/services/sylphrena-processor/revisions/sylphrena-processor-00026-q4w",
            "launch_stage": "GA",
            "location": "us-central1",
            "multi_region_settings": [],
            "name": "sylphrena-processor",
            "observed_generation": "26",
            "project": "gen-lang-client-0948887435",
            "reconciling": false,
            "scaling": [
              {
                "manual_instance_count": 0,
                "max_instance_count": 20,
                "min_instance_count": 0,
                "scaling_mode": ""
              }
            ],
            "template": [
              {
                "annotations": {},
                "containers": [
                  {
                    "args": [],
                    "base_image_uri": "",
                    "build_info": [],
                    "command": [],
                    "depends_on": [],
                    "env": [
                      {
                        "name": "BOT_MODE",
                        "value": "processor",
                        "value_source": []
                      },
                      {
                        "name": "DATABASE_ID",
                        "value": "",
                        "value_source": [
                          {
                            "secret_key_ref": [
                              {
                                "secret": "notion-database-id",
                                "version": "latest"
                              }
                            ]
                          }
                        ]
                      },
                      {
                        "name": "GEMINI_API_KEY",
                        "value": "",
                        "value_source": [
                          {
                            "secret_key_ref": [
                              {
                                "secret": "gemini-api-key",
                                "version": "latest"
                              }
                            ]
                          }
                        ]
                      },
                      {
                        "name": "NOTION_TOKEN",
                        "value": "",
                        "value_source": [
                          {
                            "secret_key_ref": [
                              {
                                "secret": "notion-token",
                                "version": "latest"
                              }
                            ]
                          }
                        ]
                      }
                    ],
                    "image": "us-central1-docker.pkg.dev/gen-lang-client-0948887435/sylphrena-repo/sylphrena:v1.0.28",
                    "liveness_probe": [],
                    "name": "",
                    "ports": [
                      {
                        "container_port": 8080,
                        "name": "http1"
                      }
                    ],
                    "resources": [
                      {
                        "cpu_idle": false,
                        "limits": {
                          "cpu": "1",
                          "memory": "2Gi"
                        },
                        "startup_cpu_boost": false
                      }
                    ],
                    "startup_probe": [
                      {
                        "failure_threshold": 1,
                        "grpc": [],
                        "http_get": [],
                        "initial_delay_seconds": 0,
                        "period_seconds": 240,
                        "tcp_socket": [
                          {
                            "port": 8080
                          }
                        ],
                        "timeout_seconds": 240
                      }
                    ],
                    "volume_mounts": [],
                    "working_dir": ""
                  }
                ],
                "encryption_key": "",
                "execution_environment": "",
                "gpu_zonal_redundancy_disabled": false,
                "health_check_disabled": false,
                "labels": {},
                "max_instance_request_concurrency": 80,
                "node_selector": [],
                "revision": "",
                "scaling": [
                  {
                    "max_instance_count": 20,
                    "min_instance_count": 0
                  }
                ],
                "service_account": "874246201745-compute@developer.gserviceaccount.com",
                "session_affinity": false,
                "timeout": "300s",
                "volumes": [],
                "vpc_access": []
              }
            ],
            "terminal_condition": [
              {
                "execution_reason": "",
                "last_transition_time": "2026-02-13T09:48:07.037688Z",
                "message": "",
                "reason": "",
                "revision_reason": "",
                "severity": "",
                "state": "CONDITION_SUCCEEDED",
                "type": "Ready"
              }
            ],
            "terraform_labels": {
              "goog-terraform-provisioned": "true"
            },
            "timeouts": null,
            "traffic": [
              {
                "percent": 100,
                "revision": "",
                "tag": "",
                "type": "TRAFFIC_TARGET_ALLOCATION_TYPE_LATEST"
              }
            ],
            "traffic_statuses": [
              {
                "percent": 100,
                "revision": "",
                "tag": "",
                "type": "TRAFFIC_TARGET_ALLOCATION_TYPE_LATEST",
                "uri": ""
              }
            ],
            "uid": "2f46e709-d95d-4865-ad44-26690c8f742b",
            "update_time": "2026-02-13T09:46:36.225998Z",
            "uri": "https://sylphrena-processor-gmq6fqueiq-uc.a.run.app",
            "urls": [
              "https://sylphrena-processor-874246201745.us-central1.run.app",
              "https://sylphrena-processor-gmq6fqueiq-uc.a.run.app"
            ]
          },
          "sensitive_attributes": [],
          "identity_schema_version": 0,
          "private": "eyJlMmJmYjczMC1lY2FhLTExZTYtOGY4OC0zNDM2M2JjN2M0YzAiOnsiY3JlYXRlIjoxMjAwMDAwMDAwMDAwLCJkZWxldGUiOjEyMDAwMDAwMDAwMDAsInVwZGF0ZSI6MTIwMDAwMDAwMDAwMH19",
          "dependencies": [
            "data.google_compute_default_service_account.default",
            "google_artifact_registry_repository.sylphrena_repo",
            "google_project_service.artifact_registry_api",
            "google_project_service.secretmanager_api",
            "google_secret_manager_secret.database_id_secret",
            "google_secret_manager_secret.gemini_api_key_secret",
            "google_secret_manager_secret.notion_token_secret",
            "google_secret_manager_secret_iam_member.database_id_secret_accessor",
            "google_secret_manager_secret_iam_member.gemini_secret_accessor",
            "google_secret_manager_secret_iam_member.notion_token_secret_accessor"
          ]
        }
      ]
    },
    {
      "mode": "managed",
      "type": "google_cloud_run_v2_service_iam_policy",
      "name": "private_access",
      "provider": "provider[\"registry.terraform.io/hashicorp/google\"]",
      "instances": [
        {
          "schema_version": 0,
          "attributes": {
            "etag": "BwZKVmdOGwE=",
            "id": "projects/gen-lang-client-0948887435/locations/us-central1/services/sylphrena-processor",
            "location": "us-central1",
            "name": "projects/gen-lang-client-0948887435/locations/us-central1/services/sylphrena-processor",
            "policy_data": "{\"bindings\":[{\"members\":[\"serviceAccount:874246201745-compute@developer.gserviceaccount.com\"],\"role\":\"roles/run.invoker\"}]}",
            "project": "gen-lang-client-0948887435"
          },
          "sensitive_attributes": [],
          "identity_schema_version": 0,
          "private": "bnVsbA==",
          "dependencies": [
            "data.google_compute_default_service_account.default",
            "data.google_iam_policy.private_run_policy",
            "google_artifact_registry_repository.sylphrena_repo",
            "google_cloud_run_v2_service.sylphrena_processor",
            "google_project_service.artifact_registry_api",
            "google_project_service.iam_api",
            "google_project_service.secretmanager_api",
            "google_secret_manager_secret.database_id_secret",
            "google_secret_manager_secret.gemini_api_key_secret",
            "google_secret_manager_secret.notion_token_secret",
            "google_secret_manager_secret_iam_member.database_id_secret_accessor",
            "google_secret_manager_secret_iam_member.gemini_secret_accessor",
            "google_secret_manager_secret_iam_member.notion_token_secret_accessor"
          ]
        }
      ]
    },
    {
      "mode": "managed",
      "type": "google_compute_instance",
      "name": "sylphrena_listener_vm",
      "provider": "provider[\"registry.terraform.io/hashicorp/google\"]",
      "instances": [
        {
          "status": "tainted",
          "schema_version": 6,
          "attributes": {
            "advanced_machine_features": [],
            "allow_stopping_for_update": true,
            "attached_disk": [],
            "boot_disk": [
              {
                "auto_delete": true,
                "device_name": "persistent-disk-0",
                "disk_encryption_key_raw": "",
                "disk_encryption_key_rsa": "",
                "disk_encryption_key_sha256": "",
                "disk_encryption_service_account": "",
                "force_attach": false,
                "guest_os_features": [
                  "TDX_CAPABLE",
                  "SEV_LIVE_MIGRATABLE",
                  "SEV_SNP_CAPABLE",
                  "SEV_CAPABLE",
                  "UEFI_COMPATIBLE",
                  "GVNIC",
                  "VIRTIO_SCSI_MULTIQUEUE",
                  "IDPF",
                  "SEV_LIVE_MIGRATABLE_V2"
                ],
                "initialize_params": [
                  {
                    "architecture": "X86_64",
                    "enable_confidential_compute": false,
                    "image": "https://www.googleapis.com/compute/v1/projects/cos-cloud/global/images/cos-stable-121-18867-294-116",
                    "labels": {},
                    "provisioned_iops": 0,
                    "provisioned_throughput": 0,
                    "resource_manager_tags": null,
                    "resource_policies": [],
                    "size": 10,
                    "snapshot": "",
                    "source_image_encryption_key": [],
                    "source_snapshot_encryption_key": [],
                    "storage_pool": "",
                    "type": "pd-standard"
                  }
                ],
                "interface": "",
                "kms_key_self_link": "",
                "mode": "READ_WRITE",
                "source": "https://www.googleapis.com/compute/v1/projects/gen-lang-client-0948887435/zones/us-central1-a/disks/sylphrena-listener-vm"
              }
            ],
            "can_ip_forward": false,
            "confidential_instance_config": [],
            "cpu_platform": "Intel Broadwell",
            "creation_timestamp": "2026-02-13T01:48:16.196-08:00",
            "current_status": "RUNNING",
            "deletion_protection": false,
            "description": "",
            "desired_status": null,
            "effective_labels": {
              "goog-terraform-provisioned": "true"
            },
            "enable_display": false,
            "guest_accelerator": [],
            "hostname": "",
            "id": "projects/gen-lang-client-0948887435/zones/us-central1-a/instances/sylphrena-listener-vm",
            "instance_encryption_key": [],
            "instance_id": "3506869679616642480",
            "key_revocation_action_type": "",
            "label_fingerprint": "vezUS-42LLM=",
            "labels": null,
            "machine_type": "e2-micro",
            "metadata": {
              "startup-script": "#!/bin/bash\n# Enable verbose logging for debugging\nset -x\nset -euo pipefail\n\necho \"--- STARTUP SCRIPT (COS): Starting ---\"\n\n# On COS, the root filesystem is read-only. The gcloud command needs to write\n# to a docker config directory. We create a temporary one in a writable location\n# and point the DOCKER_CONFIG environment variable to it.\necho \"--- STARTUP SCRIPT (COS): Creating writable Docker config directory ---\"\nmkdir -p /var/lib/docker-config\nexport DOCKER_CONFIG=/var/lib/docker-config\n\n# Authenticate Docker with Google Artifact Registry\necho \"--- STARTUP SCRIPT (COS): Authenticating Docker with Artifact Registry ---\"\ndocker-credential-gcr configure-docker --registries=us-central1-docker.pkg.dev\necho \"--- STARTUP SCRIPT (COS): Docker authentication complete. ---\"\n\n# --- Debugging Authentication ---\necho \"--- Verifying Docker config ---\"\ncat \"/var/lib/docker-config/config.json\"\necho \"--- Testing credential helper for us-central1-docker.pkg.dev ---\"\necho \"https://us-central1-docker.pkg.dev\" | docker-credential-gcr get\necho \"--- Credential helper test finished ---\"\n# --- End Debugging ---\n\n# Variables interpolated by Terraform\nIMAGE_FULL_PATH=\"us-central1-docker.pkg.dev/gen-lang-client-0948887435/sylphrena-repo/sylphrena:v1.0.28\" # This is constructed from vars passed by Terraform\n\n# Explicitly pull the Docker image to ensure it's available and to catch pull errors early\necho \"Attempting to pull Docker image: ${IMAGE_FULL_PATH}\"\ndocker pull \"${IMAGE_FULL_PATH}\" || { echo \"ERROR: Docker image pull failed!\"; exit 1; }\necho \"--- STARTUP SCRIPT (COS): Docker image pulled successfully ---\"\n\n# Fetch the authorized groups from Secret Manager\necho \"--- STARTUP SCRIPT (COS): Fetching secrets from Secret Manager ---\"\nACCESS_TOKEN_JSON=$(curl -s \"http://metadata.google.internal/computeMetadata/v1/instance/service-accounts/default/token\" -H \"Metadata-Flavor: Google\")\nACCESS_TOKEN=$(echo $ACCESS_TOKEN_JSON | grep -o '\"access_token\": *\"[^\"]*\"' | cut -d'\"' -f4)\nSECRET_VALUE_JSON=$(curl -s \"https://secretmanager.googleapis.com/v1/projects/gen-lang-client-0948887435/secrets/authorized-groups/versions/latest:access\" --request \"GET\" --header \"authorization: Bearer $ACCESS_TOKEN\" --header \"content-type: application/json\")\nSECRET_BASE64=$(echo $SECRET_VALUE_JSON | grep -o '\"data\": *\"[^\"]*\"' | cut -d'\"' -f4)\nAUTHORIZED_GROUPS_VAL=$(echo $SECRET_BASE64 | base64 --decode)\necho \"--- STARTUP SCRIPT (COS): Secrets fetched successfully ---\"\n\n# Create persistent volume directory if it doesn't exist\necho \"--- STARTUP SCRIPT (COS): Setting up persistent volume directory ---\"\nmkdir -p \"/var/lib/sylphrena/puppeteer_session\"\nchown -R 1000:1000 \"/var/lib/sylphrena/puppeteer_session\"\nchmod 700 \"/var/lib/sylphrena/puppeteer_session\" # More restrictive permissions\necho \"--- STARTUP SCRIPT (COS): Persistent volume directory configured ---\"\n\n# Stop and remove any existing container with the same name, then run the new one\necho \"--- STARTUP SCRIPT (COS): Running new Docker container sylphrena-listener-vm ---\"\ndocker stop \"sylphrena-listener-vm\" || true\ndocker rm \"sylphrena-listener-vm\" || true # Ensure the container is removed before running a new one\ndocker run -d --name \"sylphrena-listener-vm\" --restart always --log-opt max-size=10m --log-opt max-file=3 \\\n  -e \"BOT_MODE=listener\" \\\n  -e \"PROCESSOR_URL=https://sylphrena-processor-gmq6fqueiq-uc.a.run.app\" \\\n  -e \"AUTHORIZED_GROUPS=${AUTHORIZED_GROUPS_VAL}\" \\\n  -e \"CHECK_INTERVAL_MS=60000\" \\\n  -e \"PUPPETEER_SESSION_DIR=/usr/src/app/puppeteer_session\" \\\n  -v \"/var/lib/sylphrena/puppeteer_session:/usr/src/app/puppeteer_session\" \\\n  \"${IMAGE_FULL_PATH}\"\n\necho \"--- STARTUP SCRIPT (COS): Docker container sylphrena-listener-vm started successfully. Script finished. ---\""
            },
            "metadata_fingerprint": "NOV_tDARLNc=",
            "metadata_startup_script": null,
            "min_cpu_platform": "",
            "name": "sylphrena-listener-vm",
            "network_interface": [
              {
                "access_config": [
                  {
                    "nat_ip": "34.66.77.226",
                    "network_tier": "PREMIUM",
                    "public_ptr_domain_name": ""
                  }
                ],
                "alias_ip_range": [],
                "igmp_query": "",
                "internal_ipv6_prefix_length": 0,
                "ipv6_access_config": [],
                "ipv6_access_type": "",
                "ipv6_address": "",
                "name": "nic0",
                "network": "https://www.googleapis.com/compute/v1/projects/gen-lang-client-0948887435/global/networks/default",
                "network_attachment": "",
                "network_ip": "10.128.0.24",
                "nic_type": "",
                "queue_count": 0,
                "stack_type": "IPV4_ONLY",
                "subnetwork": "https://www.googleapis.com/compute/v1/projects/gen-lang-client-0948887435/regions/us-central1/subnetworks/default",
                "subnetwork_project": "gen-lang-client-0948887435"
              }
            ],
            "network_performance_config": [],
            "params": [],
            "project": "gen-lang-client-0948887435",
            "reservation_affinity": [],
            "resource_policies": null,
            "scheduling": [
              {
                "automatic_restart": true,
                "availability_domain": 0,
                "instance_termination_action": "",
                "local_ssd_recovery_timeout": [],
                "max_run_duration": [],
                "min_node_cpus": 0,
                "node_affinities": [],
                "on_host_maintenance": "MIGRATE",
                "on_instance_stop_action": [],
                "preemptible": false,
                "provisioning_model": "STANDARD",
                "termination_time": ""
              }
            ],
            "scratch_disk": [],
            "self_link": "https://www.googleapis.com/compute/v1/projects/gen-lang-client-0948887435/zones/us-central1-a/instances/sylphrena-listener-vm",
            "service_account": [
              {
                "email": "874246201745-compute@developer.gserviceaccount.com",
                "scopes": [
                  "https://www.googleapis.com/auth/cloud-platform"
                ]
              }
            ],
            "shielded_instance_config": [
              {
                "enable_integrity_monitoring": true,
                "enable_secure_boot": false,
                "enable_vtpm": true
              }
            ],
            "tags": null,
            "tags_fingerprint": "42WmSpB8rSM=",
            "terraform_labels": {
              "goog-terraform-provisioned": "true"
            },
            "timeouts": null,
            "zone": "us-central1-a"
          },
          "sensitive_attributes": [
            [
              {
                "type": "get_attr",
                "value": "boot_disk"
              },
              {
                "type": "index",
                "value": {
                  "value": 0,
                  "type": "number"
                }
              },
              {
                "type": "get_attr",
                "value": "disk_encryption_key_raw"
              }
            ],
            [
              {
                "type": "get_attr",
                "value": "boot_disk"
              },
              {
                "type": "index",
                "value": {
                  "value": 0,
                  "type": "number"
                }
              },
              {
                "type": "get_attr",
                "value": "disk_encryption_key_rsa"
              }
            ]
          ],
          "identity_schema_version": 0,
          "private": "eyJlMmJmYjczMC1lY2FhLTExZTYtOGY4OC0zNDM2M2JjN2M0YzAiOnsiY3JlYXRlIjoxMjAwMDAwMDAwMDAwLCJkZWxldGUiOjEyMDAwMDAwMDAwMDAsInVwZGF0ZSI6MTIwMDAwMDAwMDAwMH0sInNjaGVtYV92ZXJzaW9uIjoiNiJ9",
          "dependencies": [
            "data.google_compute_default_service_account.default",
            "google_artifact_registry_repository.sylphrena_repo",
            "google_cloud_run_v2_service.sylphrena_processor",
            "google_project_service.artifact_registry_api",
            "google_project_service.compute_api",
            "google_project_service.secretmanager_api",
            "google_secret_manager_secret.authorized_groups_secret",
            "google_secret_manager_secret.database_id_secret",
            "google_secret_manager_secret.gemini_api_key_secret",
            "google_secret_manager_secret.notion_token_secret",
            "google_secret_manager_secret_iam_member.authorized_groups_secret_accessor",
            "google_secret_manager_secret_iam_member.database_id_secret_accessor",
            "google_secret_manager_secret_iam_member.gemini_secret_accessor",
            "google_secret_manager_secret_iam_member.notion_token_secret_accessor"
          ]
        }
      ]
    },
    {
      "mode": "managed",
      "type": "google_project_service",
      "name": "artifact_registry_api",
      "provider": "provider[\"registry.terraform.io/hashicorp/google\"]",
      "instances": [
        {
          "schema_version": 0,
          "attributes": {
            "disable_dependent_services": null,
            "disable_on_destroy": null,
            "id": "gen-lang-client-0948887435/artifactregistry.googleapis.com",
            "project": "gen-lang-client-0948887435",
            "service": "artifactregistry.googleapis.com",
            "timeouts": null
          },
          "sensitive_attributes": [],
          "identity_schema_version": 0,
          "private": "eyJlMmJmYjczMC1lY2FhLTExZTYtOGY4OC0zNDM2M2JjN2M0YzAiOnsiY3JlYXRlIjoxMjAwMDAwMDAwMDAwLCJkZWxldGUiOjEyMDAwMDAwMDAwMDAsInJlYWQiOjYwMDAwMDAwMDAwMCwidXBkYXRlIjoxMjAwMDAwMDAwMDAwfX0="
        }
      ]
    },
    {
      "mode": "managed",
      "type": "google_project_service",
      "name": "compute_api",
      "provider": "provider[\"registry.terraform.io/hashicorp/google\"]",
      "instances": [
        {
          "schema_version": 0,
          "attributes": {
            "disable_dependent_services": null,
            "disable_on_destroy": null,
            "id": "gen-lang-client-0948887435/compute.googleapis.com",
            "project": "gen-lang-client-0948887435",
            "service": "compute.googleapis.com",
            "timeouts": null
          },
          "sensitive_attributes": [],
          "identity_schema_version": 0,
          "private": "eyJlMmJmYjczMC1lY2FhLTExZTYtOGY4OC0zNDM2M2JjN2M0YzAiOnsiY3JlYXRlIjoxMjAwMDAwMDAwMDAwLCJkZWxldGUiOjEyMDAwMDAwMDAwMDAsInJlYWQiOjYwMDAwMDAwMDAwMCwidXBkYXRlIjoxMjAwMDAwMDAwMDAwfX0="
        }
      ]
    },
    {
      "mode": "managed",
      "type": "google_project_service",
      "name": "iam_api",
      "provider": "provider[\"registry.terraform.io/hashicorp/google\"]",
      "instances": [
        {
          "schema_version": 0,
          "attributes": {
            "disable_dependent_services": null,
            "disable_on_destroy": null,
            "id": "gen-lang-client-0948887435/iam.googleapis.com",
            "project": "gen-lang-client-0948887435",
            "service": "iam.googleapis.com",
            "timeouts": null
          },
          "sensitive_attributes": [],
          "identity_schema_version": 0,
          "private": "eyJlMmJmYjczMC1lY2FhLTExZTYtOGY4OC0zNDM2M2JjN2M0YzAiOnsiY3JlYXRlIjoxMjAwMDAwMDAwMDAwLCJkZWxldGUiOjEyMDAwMDAwMDAwMDAsInJlYWQiOjYwMDAwMDAwMDAwMCwidXBkYXRlIjoxMjAwMDAwMDAwMDAwfX0="
        }
      ]
    },
    {
      "mode": "managed",
      "type": "google_project_service",
      "name": "run_api",
      "provider": "provider[\"registry.terraform.io/hashicorp/google\"]",
      "instances": [
        {
          "schema_version": 0,
          "attributes": {
            "disable_dependent_services": null,
            "disable_on_destroy": null,
            "id": "gen-lang-client-0948887435/run.googleapis.com",
            "project": "gen-lang-client-0948887435",
            "service": "run.googleapis.com",
            "timeouts": null
          },
          "sensitive_attributes": [],
          "identity_schema_version": 0,
          "private": "eyJlMmJmYjczMC1lY2FhLTExZTYtOGY4OC0zNDM2M2JjN2M0YzAiOnsiY3JlYXRlIjoxMjAwMDAwMDAwMDAwLCJkZWxldGUiOjEyMDAwMDAwMDAwMDAsInJlYWQiOjYwMDAwMDAwMDAwMCwidXBkYXRlIjoxMjAwMDAwMDAwMDAwfX0="
        }
      ]
    },
    {
      "mode": "managed",
      "type": "google_project_service",
      "name": "secretmanager_api",
      "provider": "provider[\"registry.terraform.io/hashicorp/google\"]",
      "instances": [
        {
          "schema_version": 0,
          "attributes": {
            "disable_dependent_services": null,
            "disable_on_destroy": null,
            "id": "gen-lang-client-0948887435/secretmanager.googleapis.com",
            "project": "gen-lang-client-0948887435",
            "service": "secretmanager.googleapis.com",
            "timeouts": null
          },
          "sensitive_attributes": [],
          "identity_schema_version": 0,
          "private": "eyJlMmJmYjczMC1lY2FhLTExZTYtOGY4OC0zNDM2M2JjN2M0YzAiOnsiY3JlYXRlIjoxMjAwMDAwMDAwMDAwLCJkZWxldGUiOjEyMDAwMDAwMDAwMDAsInJlYWQiOjYwMDAwMDAwMDAwMCwidXBkYXRlIjoxMjAwMDAwMDAwMDAwfX0="
        }
      ]
    },
    {
      "mode": "managed",
      "type": "google_secret_manager_secret",
      "name": "authorized_groups_secret",
      "provider": "provider[\"registry.terraform.io/hashicorp/google\"]",
      "instances": [
        {
          "schema_version": 0,
          "attributes": {
            "annotations": {},
            "create_time": "2026-02-08T22:59:10.910623Z",
            "deletion_protection": false,
            "effective_annotations": {},
            "effective_labels": {
              "goog-terraform-provisioned": "true"
            },
            "expire_time": "",
            "id": "projects/gen-lang-client-0948887435/secrets/authorized-groups",
            "labels": {},
            "name": "projects/874246201745/secrets/authorized-groups",
            "project": "gen-lang-client-0948887435",
            "replication": [
              {
                "auto": [],
                "user_managed": [
                  {
                    "replicas": [
                      {
                        "customer_managed_encryption": [],
                        "location": "us-central1"
                      }
                    ]
                  }
                ]
              }
            ],
            "rotation": [],
            "secret_id": "authorized-groups",
            "tags": null,
            "terraform_labels": {
              "goog-terraform-provisioned": "true"
            },
            "timeouts": null,
            "topics": [],
            "ttl": null,
            "version_aliases": {},
            "version_destroy_ttl": ""
          },
          "sensitive_attributes": [],
          "identity_schema_version": 0,
          "private": "eyJlMmJmYjczMC1lY2FhLTExZTYtOGY4OC0zNDM2M2JjN2M0YzAiOnsiY3JlYXRlIjoxMjAwMDAwMDAwMDAwLCJkZWxldGUiOjEyMDAwMDAwMDAwMDAsInVwZGF0ZSI6MTIwMDAwMDAwMDAwMH19",
          "dependencies": [
            "google_project_service.secretmanager_api"
          ]
        }
      ]
    },
    {
      "mode": "managed",
      "type": "google_secret_manager_secret",
      "name": "database_id_secret",
      "provider": "provider[\"registry.terraform.io/hashicorp/google\"]",
      "instances": [
        {
          "schema_version": 0,
          "attributes": {
            "annotations": {},
            "create_time": "2026-02-08T22:59:10.613160Z",
            "deletion_protection": false,
            "effective_annotations": {},
            "effective_labels": {
              "goog-terraform-provisioned": "true"
            },
            "expire_time": "",
            "id": "projects/gen-lang-client-0948887435/secrets/notion-database-id",
            "labels": {},
            "name": "projects/874246201745/secrets/notion-database-id",
            "project": "gen-lang-client-0948887435",
            "replication": [
              {
                "auto": [],
                "user_managed": [
                  {
                    "replicas": [
                      {
                        "customer_managed_encryption": [],
                        "location": "us-central1"
                      }
                    ]
                  }
                ]
              }
            ],
            "rotation": [],
            "secret_id": "notion-database-id",
            "tags": null,
            "terraform_labels": {
              "goog-terraform-provisioned": "true"
            },
            "timeouts": null,
            "topics": [],
            "ttl": null,
            "version_aliases": {},
            "version_destroy_ttl": ""
          },
          "sensitive_attributes": [],
          "identity_schema_version": 0,
          "private": "eyJlMmJmYjczMC1lY2FhLTExZTYtOGY4OC0zNDM2M2JjN2M0YzAiOnsiY3JlYXRlIjoxMjAwMDAwMDAwMDAwLCJkZWxldGUiOjEyMDAwMDAwMDAwMDAsInVwZGF0ZSI6MTIwMDAwMDAwMDAwMH19",
          "dependencies": [
            "google_project_service.secretmanager_api"
          ]
        }
      ]
    },
    {
      "mode": "managed",
      "type": "google_secret_manager_secret",
      "name": "gemini_api_key_secret",
      "provider": "provider[\"registry.terraform.io/hashicorp/google\"]",
      "instances": [
        {
          "schema_version": 0,
          "attributes": {
            "annotations": {},
            "create_time": "2026-02-08T22:59:10.613879Z",
            "deletion_protection": false,
            "effective_annotations": {},
            "effective_labels": {
              "goog-terraform-provisioned": "true"
            },
            "expire_time": "",
            "id": "projects/gen-lang-client-0948887435/secrets/gemini-api-key",
            "labels": {},
            "name": "projects/874246201745/secrets/gemini-api-key",
            "project": "gen-lang-client-0948887435",
            "replication": [
              {
                "auto": [],
                "user_managed": [
                  {
                    "replicas": [
                      {
                        "customer_managed_encryption": [],
                        "location": "us-central1"
                      }
                    ]
                  }
                ]
              }
            ],
            "rotation": [],
            "secret_id": "gemini-api-key",
            "tags": null,
            "terraform_labels": {
              "goog-terraform-provisioned": "true"
            },
            "timeouts": null,
            "topics": [],
            "ttl": null,
            "version_aliases": {},
            "version_destroy_ttl": ""
          },
          "sensitive_attributes": [],
          "identity_schema_version": 0,
          "private": "eyJlMmJmYjczMC1lY2FhLTExZTYtOGY4OC0zNDM2M2JjN2M0YzAiOnsiY3JlYXRlIjoxMjAwMDAwMDAwMDAwLCJkZWxldGUiOjEyMDAwMDAwMDAwMDAsInVwZGF0ZSI6MTIwMDAwMDAwMDAwMH19",
          "dependencies": [
            "google_project_service.secretmanager_api"
          ]
        }
      ]
    },
    {
      "mode": "managed",
      "type": "google_secret_manager_secret",
      "name": "notion_token_secret",
      "provider": "provider[\"registry.terraform.io/hashicorp/google\"]",
      "instances": [
        {
          "schema_version": 0,
          "attributes": {
            "annotations": {},
            "create_time": "2026-02-08T22:59:10.753648Z",
            "deletion_protection": false,
            "effective_annotations": {},
            "effective_labels": {
              "goog-terraform-provisioned": "true"
            },
            "expire_time": "",
            "id": "projects/gen-lang-client-0948887435/secrets/notion-token",
            "labels": {},
            "name": "projects/874246201745/secrets/notion-token",
            "project": "gen-lang-client-0948887435",
            "replication": [
              {
                "auto": [],
                "user_managed": [
                  {
                    "replicas": [
                      {
                        "customer_managed_encryption": [],
                        "location": "us-central1"
                      }
                    ]
                  }
                ]
              }
            ],
            "rotation": [],
            "secret_id": "notion-token",
            "tags": null,
            "terraform_labels": {
              "goog-terraform-provisioned": "true"
            },
            "timeouts": null,
            "topics": [],
            "ttl": null,
            "version_aliases": {},
            "version_destroy_ttl": ""
          },
          "sensitive_attributes": [],
          "identity_schema_version": 0,
          "private": "eyJlMmJmYjczMC1lY2FhLTExZTYtOGY4OC0zNDM2M2JjN2M0YzAiOnsiY3JlYXRlIjoxMjAwMDAwMDAwMDAwLCJkZWxldGUiOjEyMDAwMDAwMDAwMDAsInVwZGF0ZSI6MTIwMDAwMDAwMDAwMH19",
          "dependencies": [
            "google_project_service.secretmanager_api"
          ]
        }
      ]
    },
    {
      "mode": "managed",
      "type": "google_secret_manager_secret_iam_member",
      "name": "authorized_groups_secret_accessor",
      "provider": "provider[\"registry.terraform.io/hashicorp/google\"]",
      "instances": [
        {
          "schema_version": 0,
          "attributes": {
            "condition": [],
            "etag": "BwZKV/ihcz0=",
            "id": "projects/gen-lang-client-0948887435/secrets/authorized-groups/roles/secretmanager.secretAccessor/serviceAccount:874246201745-compute@developer.gserviceaccount.com",
            "member": "serviceAccount:874246201745-compute@developer.gserviceaccount.com",
            "project": "gen-lang-client-0948887435",
            "role": "roles/secretmanager.secretAccessor",
            "secret_id": "projects/gen-lang-client-0948887435/secrets/authorized-groups"
          },
          "sensitive_attributes": [],
          "identity_schema_version": 0,
          "private": "bnVsbA==",
          "dependencies": [
            "data.google_compute_default_service_account.default",
            "google_project_service.secretmanager_api",
            "google_secret_manager_secret.authorized_groups_secret"
          ]
        }
      ]
    },
    {
      "mode": "managed",
      "type": "google_secret_manager_secret_iam_member",
      "name": "database_id_secret_accessor",
      "provider": "provider[\"registry.terraform.io/hashicorp/google\"]",
      "instances": [
        {
          "schema_version": 0,
          "attributes": {
            "condition": [],
            "etag": "BwZKV/io6M0=",
            "id": "projects/gen-lang-client-0948887435/secrets/notion-database-id/roles/secretmanager.secretAccessor/serviceAccount:874246201745-compute@developer.gserviceaccount.com",
            "member": "serviceAccount:874246201745-compute@developer.gserviceaccount.com",
            "project": "gen-lang-client-0948887435",
            "role": "roles/secretmanager.secretAccessor",
            "secret_id": "projects/gen-lang-client-0948887435/secrets/notion-database-id"
          },
          "sensitive_attributes": [],
          "identity_schema_version": 0,
          "private": "bnVsbA==",
          "dependencies": [
            "data.google_compute_default_service_account.default",
            "google_project_service.secretmanager_api",
            "google_secret_manager_secret.database_id_secret"
          ]
        }
      ]
    },
    {
      "mode": "managed",
      "type": "google_secret_manager_secret_iam_member",
      "name": "gemini_secret_accessor",
      "provider": "provider[\"registry.terraform.io/hashicorp/google\"]",
      "instances": [
        {
          "schema_version": 0,
          "attributes": {
            "condition": [],
            "etag": "BwZKV/iZxKU=",
            "id": "projects/gen-lang-client-0948887435/secrets/gemini-api-key/roles/secretmanager.secretAccessor/serviceAccount:874246201745-compute@developer.gserviceaccount.com",
            "member": "serviceAccount:874246201745-compute@developer.gserviceaccount.com",
            "project": "gen-lang-client-0948887435",
            "role": "roles/secretmanager.secretAccessor",
            "secret_id": "projects/gen-lang-client-0948887435/secrets/gemini-api-key"
          },
          "sensitive_attributes": [],
          "identity_schema_version": 0,
          "private": "bnVsbA==",
          "dependencies": [
            "data.google_compute_default_service_account.default",
            "google_project_service.secretmanager_api",
            "google_secret_manager_secret.gemini_api_key_secret"
          ]
        }
      ]
    },
    {
      "mode": "managed",
      "type": "google_secret_manager_secret_iam_member",
      "name": "notion_token_secret_accessor",
      "provider": "provider[\"registry.terraform.io/hashicorp/google\"]",
      "instances": [
        {
          "schema_version": 0,
          "attributes": {
            "condition": [],
            "etag": "BwZKV/iuEEk=",
            "id": "projects/gen-lang-client-0948887435/secrets/notion-token/roles/secretmanager.secretAccessor/serviceAccount:874246201745-compute@developer.gserviceaccount.com",
            "member": "serviceAccount:874246201745-compute@developer.gserviceaccount.com",
            "project": "gen-lang-client-0948887435",
            "role": "roles/secretmanager.secretAccessor",
            "secret_id": "projects/gen-lang-client-0948887435/secrets/notion-token"
          },
          "sensitive_attributes": [],
          "identity_schema_version": 0,
          "private": "bnVsbA==",
          "dependencies": [
            "data.google_compute_default_service_account.default",
            "google_project_service.secretmanager_api",
            "google_secret_manager_secret.notion_token_secret"
          ]
        }
      ]
    },
    {
      "mode": "managed",
      "type": "google_secret_manager_secret_version",
      "name": "authorized_groups_secret_version",
      "provider": "provider[\"registry.terraform.io/hashicorp/google\"]",
      "instances": [
        {
          "schema_version": 0,
          "attributes": {
            "create_time": "2026-02-08T22:59:14.352877Z",
            "deletion_policy": "DELETE",
            "destroy_time": "",
            "enabled": true,
            "id": "projects/874246201745/secrets/authorized-groups/versions/1",
            "is_secret_data_base64": false,
            "name": "projects/874246201745/secrets/authorized-groups/versions/1",
            "project": null,
            "secret": "projects/gen-lang-client-0948887435/secrets/authorized-groups",
            "secret_data": "972522949046-1533827556@g.us",
            "secret_data_wo": null,
            "secret_data_wo_version": 0,
            "timeouts": null,
            "version": "1"
          },
          "sensitive_attributes": [
            [
              {
                "type": "get_attr",
                "value": "secret_data"
              }
            ]
          ],
          "identity_schema_version": 0,
          "private": "eyJlMmJmYjczMC1lY2FhLTExZTYtOGY4OC0zNDM2M2JjN2M0YzAiOnsiY3JlYXRlIjoxMjAwMDAwMDAwMDAwLCJkZWxldGUiOjEyMDAwMDAwMDAwMDAsInVwZGF0ZSI6MTIwMDAwMDAwMDAwMH19",
          "dependencies": [
            "google_project_service.secretmanager_api",
            "google_secret_manager_secret.authorized_groups_secret"
          ]
        }
      ]
    },
    {
      "mode": "managed",
      "type": "google_secret_manager_secret_version",
      "name": "database_id_secret_version",
      "provider": "provider[\"registry.terraform.io/hashicorp/google\"]",
      "instances": [
        {
          "schema_version": 0,
          "attributes": {
            "create_time": "2026-02-08T22:59:14.410534Z",
            "deletion_policy": "DELETE",
            "destroy_time": "",
            "enabled": true,
            "id": "projects/874246201745/secrets/notion-database-id/versions/1",
            "is_secret_data_base64": false,
            "name": "projects/874246201745/secrets/notion-database-id/versions/1",
            "project": null,
            "secret": "projects/gen-lang-client-0948887435/secrets/notion-database-id",
            "secret_data": "c894f5b2-2a3e-4ffb-87a1-52361bbb6164",
            "secret_data_wo": null,
            "secret_data_wo_version": 0,
            "timeouts": null,
            "version": "1"
          },
          "sensitive_attributes": [
            [
              {
                "type": "get_attr",
                "value": "secret_data"
              }
            ]
          ],
          "identity_schema_version": 0,
          "private": "eyJlMmJmYjczMC1lY2FhLTExZTYtOGY4OC0zNDM2M2JjN2M0YzAiOnsiY3JlYXRlIjoxMjAwMDAwMDAwMDAwLCJkZWxldGUiOjEyMDAwMDAwMDAwMDAsInVwZGF0ZSI6MTIwMDAwMDAwMDAwMH19",
          "dependencies": [
            "google_project_service.secretmanager_api",
            "google_secret_manager_secret.database_id_secret"
          ]
        }
      ]
    },
    {
      "mode": "managed",
      "type": "google_secret_manager_secret_version",
      "name": "gemini_api_key_secret_version",
      "provider": "provider[\"registry.terraform.io/hashicorp/google\"]",
      "instances": [
        {
          "schema_version": 0,
          "attributes": {
            "create_time": "2026-02-08T22:59:13.348416Z",
            "deletion_policy": "DELETE",
            "destroy_time": "",
            "enabled": true,
            "id": "projects/874246201745/secrets/gemini-api-key/versions/1",
            "is_secret_data_base64": false,
            "name": "projects/874246201745/secrets/gemini-api-key/versions/1",
            "project": null,
            "secret": "projects/gen-lang-client-0948887435/secrets/gemini-api-key",
            "secret_data": "AIzaSyAy5xukRg5xv7KNlA-SF0TCewXf5Zxoklo",
            "secret_data_wo": null,
            "secret_data_wo_version": 0,
            "timeouts": null,
            "version": "1"
          },
          "sensitive_attributes": [
            [
              {
                "type": "get_attr",
                "value": "secret_data"
              }
            ]
          ],
          "identity_schema_version": 0,
          "private": "eyJlMmJmYjczMC1lY2FhLTExZTYtOGY4OC0zNDM2M2JjN2M0YzAiOnsiY3JlYXRlIjoxMjAwMDAwMDAwMDAwLCJkZWxldGUiOjEyMDAwMDAwMDAwMDAsInVwZGF0ZSI6MTIwMDAwMDAwMDAwMH19",
          "dependencies": [
            "google_project_service.secretmanager_api",
            "google_secret_manager_secret.gemini_api_key_secret"
          ]
        }
      ]
    },
    {
      "mode": "managed",
      "type": "google_secret_manager_secret_version",
      "name": "notion_token_secret_version",
      "provider": "provider[\"registry.terraform.io/hashicorp/google\"]",
      "instances": [
        {
          "schema_version": 0,
          "attributes": {
            "create_time": "2026-02-08T22:59:14.917723Z",
            "deletion_policy": "DELETE",
            "destroy_time": "",
            "enabled": true,
            "id": "projects/874246201745/secrets/notion-token/versions/1",
            "is_secret_data_base64": false,
            "name": "projects/874246201745/secrets/notion-token/versions/1",
            "project": null,
            "secret": "projects/gen-lang-client-0948887435/secrets/notion-token",
            "secret_data": "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",
            "secret_data_wo": null,
            "secret_data_wo_version": 0,
            "timeouts": null,
            "version": "1"
          },
          "sensitive_attributes": [
            [
              {
                "type": "get_attr",
                "value": "secret_data"
              }
            ]
          ],
          "identity_schema_version": 0,
          "private": "eyJlMmJmYjczMC1lY2FhLTExZTYtOGY4OC0zNDM2M2JjN2M0YzAiOnsiY3JlYXRlIjoxMjAwMDAwMDAwMDAwLCJkZWxldGUiOjEyMDAwMDAwMDAwMDAsInVwZGF0ZSI6MTIwMDAwMDAwMDAwMH19",
          "dependencies": [
            "google_project_service.secretmanager_api",
            "google_secret_manager_secret.notion_token_secret"
          ]
        }
      ]
    }
  ],
  "check_results": null
}
